// !$*UTF8*$!
{
	archiveVersion = 1;
	classes = {
	};
	objectVersion = 55;
	objects = {

/* Begin PBXBuildFile section */
		35213D3028B31EF30081C195 /* AppDelegate.m in Sources */ = {isa = PBXBuildFile; fileRef = 35213D2F28B31EF30081C195 /* AppDelegate.m */; };
		35213D3628B31EF30081C195 /* ViewController.m in Sources */ = {isa = PBXBuildFile; fileRef = 35213D3528B31EF30081C195 /* ViewController.m */; };
		35213D3928B31EF30081C195 /* Main.storyboard in Resources */ = {isa = PBXBuildFile; fileRef = 35213D3728B31EF30081C195 /* Main.storyboard */; };
		35213D3B28B31EF80081C195 /* Assets.xcassets in Resources */ = {isa = PBXBuildFile; fileRef = 35213D3A28B31EF80081C195 /* Assets.xcassets */; };
		35213D3E28B31EF80081C195 /* LaunchScreen.storyboard in Resources */ = {isa = PBXBuildFile; fileRef = 35213D3C28B31EF80081C195 /* LaunchScreen.storyboard */; };
		35213D4128B31EF80081C195 /* main.m in Sources */ = {isa = PBXBuildFile; fileRef = 35213D4028B31EF80081C195 /* main.m */; };
		35213D7A28B3229A0081C195 /* MeViewController.m in Sources */ = {isa = PBXBuildFile; fileRef = 35213D7928B3229A0081C195 /* MeViewController.m */; };
		35213D8328B322D30081C195 /* NetWorkingData.m in Sources */ = {isa = PBXBuildFile; fileRef = 35213D7B28B322D30081C195 /* NetWorkingData.m */; };
		35213D8428B322D30081C195 /* ScreenFrame.m in Sources */ = {isa = PBXBuildFile; fileRef = 35213D7C28B322D30081C195 /* ScreenFrame.m */; };
		35213D8528B322D30081C195 /* GetListItem.m in Sources */ = {isa = PBXBuildFile; fileRef = 35213D7F28B322D30081C195 /* GetListItem.m */; };
		35213D8628B322D30081C195 /* Singleton.m in Sources */ = {isa = PBXBuildFile; fileRef = 35213D8028B322D30081C195 /* Singleton.m */; };
		35213D9B28B3268A0081C195 /* RainFallView.m in Sources */ = {isa = PBXBuildFile; fileRef = 35213D8728B326890081C195 /* RainFallView.m */; };
		35213D9C28B3268A0081C195 /* UvIndexView.m in Sources */ = {isa = PBXBuildFile; fileRef = 35213D8928B326890081C195 /* UvIndexView.m */; };
		35213D9D28B3268A0081C195 /* WindView.m in Sources */ = {isa = PBXBuildFile; fileRef = 35213D8C28B326890081C195 /* WindView.m */; };
		35213D9E28B3268A0081C195 /* VisView.m in Sources */ = {isa = PBXBuildFile; fileRef = 35213D8E28B326890081C195 /* VisView.m */; };
		35213D9F28B3268A0081C195 /* FutureOneDayTableViewCell.m in Sources */ = {isa = PBXBuildFile; fileRef = 35213D9028B326890081C195 /* FutureOneDayTableViewCell.m */; };
		35213DA028B3268A0081C195 /* FeelsLikeView.m in Sources */ = {isa = PBXBuildFile; fileRef = 35213D9428B326890081C195 /* FeelsLikeView.m */; };
		35213DA128B3268A0081C195 /* FutureSevenDayTableViewCell.m in Sources */ = {isa = PBXBuildFile; fileRef = 35213D9528B326890081C195 /* FutureSevenDayTableViewCell.m */; };
		35213DA228B3268A0081C195 /* WeatherView.m in Sources */ = {isa = PBXBuildFile; fileRef = 35213D9628B3268A0081C195 /* WeatherView.m */; };
		35213DA328B3268A0081C195 /* HomeView.m in Sources */ = {isa = PBXBuildFile; fileRef = 35213D9828B3268A0081C195 /* HomeView.m */; };
		35213DA428B3268A0081C195 /* AirQualityView.m in Sources */ = {isa = PBXBuildFile; fileRef = 35213D9928B3268A0081C195 /* AirQualityView.m */; };
		35213DA728B326DE0081C195 /* SceneDelegate.m in Sources */ = {isa = PBXBuildFile; fileRef = 35213DA528B326DE0081C195 /* SceneDelegate.m */; };
		35B89C0128B94E300021F169 /* WebLinkViewController.m in Sources */ = {isa = PBXBuildFile; fileRef = 35B89C0028B94E300021F169 /* WebLinkViewController.m */; };
		35F80DDF28B9489F00CBA3B3 /* CommentTableViewCell.m in Sources */ = {isa = PBXBuildFile; fileRef = 35F80DD928B9489F00CBA3B3 /* CommentTableViewCell.m */; };
		35F80DE028B9489F00CBA3B3 /* CommentCellModel.m in Sources */ = {isa = PBXBuildFile; fileRef = 35F80DDB28B9489F00CBA3B3 /* CommentCellModel.m */; };
		35F80DE128B9489F00CBA3B3 /* ListTableViewCell.m in Sources */ = {isa = PBXBuildFile; fileRef = 35F80DDC28B9489F00CBA3B3 /* ListTableViewCell.m */; };
		35F80DE228B9489F00CBA3B3 /* HomeTableViewCell.m in Sources */ = {isa = PBXBuildFile; fileRef = 35F80DDE28B9489F00CBA3B3 /* HomeTableViewCell.m */; };
		35F80DE528B948BF00CBA3B3 /* SelectionViewController.m in Sources */ = {isa = PBXBuildFile; fileRef = 35F80DE328B948BF00CBA3B3 /* SelectionViewController.m */; };
		35F80DEA28B948DE00CBA3B3 /* WebViewController.m in Sources */ = {isa = PBXBuildFile; fileRef = 35F80DE728B948DD00CBA3B3 /* WebViewController.m */; };
		35F80DEB28B948DE00CBA3B3 /* WeiboViewController.m in Sources */ = {isa = PBXBuildFile; fileRef = 35F80DE828B948DD00CBA3B3 /* WeiboViewController.m */; };
		35F80DEE28B948E500CBA3B3 /* PostCommentViewController.m in Sources */ = {isa = PBXBuildFile; fileRef = 35F80DED28B948E500CBA3B3 /* PostCommentViewController.m */; };
		35F80DF728B9491000CBA3B3 /* WeiboView.m in Sources */ = {isa = PBXBuildFile; fileRef = 35F80DEF28B9490F00CBA3B3 /* WeiboView.m */; };
		35F80DF828B9491000CBA3B3 /* WeiboNavigationView.m in Sources */ = {isa = PBXBuildFile; fileRef = 35F80DF028B9490F00CBA3B3 /* WeiboNavigationView.m */; };
		35F80DF928B9491000CBA3B3 /* PostCommentNavigationView.m in Sources */ = {isa = PBXBuildFile; fileRef = 35F80DF528B9490F00CBA3B3 /* PostCommentNavigationView.m */; };
		35F80DFA28B9491000CBA3B3 /* PostCommentView.m in Sources */ = {isa = PBXBuildFile; fileRef = 35F80DF628B9491000CBA3B3 /* PostCommentView.m */; };
		35F80DFF28B9492C00CBA3B3 /* SelectionView.m in Sources */ = {isa = PBXBuildFile; fileRef = 35F80DFC28B9492B00CBA3B3 /* SelectionView.m */; };
		35F80E0028B9492C00CBA3B3 /* SelectionNavigationView.m in Sources */ = {isa = PBXBuildFile; fileRef = 35F80DFE28B9492C00CBA3B3 /* SelectionNavigationView.m */; };
		35FBDF6228B7974000A001BA /* HomeViewViewController.m in Sources */ = {isa = PBXBuildFile; fileRef = 35FBDF6128B7974000A001BA /* HomeViewViewController.m */; };
		35FBDF6828B7B52700A001BA /* SelectCityViewController.m in Sources */ = {isa = PBXBuildFile; fileRef = 35FBDF6728B7B52700A001BA /* SelectCityViewController.m */; };
		35FBDF6B28B7B54500A001BA /* SearchCityDataViewController.m in Sources */ = {isa = PBXBuildFile; fileRef = 35FBDF6A28B7B54500A001BA /* SearchCityDataViewController.m */; };
		35FBDF6E28B7D9C600A001BA /* ChildViewController.m in Sources */ = {isa = PBXBuildFile; fileRef = 35FBDF6D28B7D9C600A001BA /* ChildViewController.m */; };
		574CE3693F473555F98D4C00 /* libPods-天气.a in Frameworks */ = {isa = PBXBuildFile; fileRef = 4D6D4E59EFAABCBA174ACCEF /* libPods-天气.a */; };
/* End PBXBuildFile section */

/* Begin PBXFileReference section */
		35213D2B28B31EF30081C195 /* 天气.app */ = {isa = PBXFileReference; explicitFileType = wrapper.application; includeInIndex = 0; path = "天气.app"; sourceTree = BUILT_PRODUCTS_DIR; };
		35213D2E28B31EF30081C195 /* AppDelegate.h */ = {isa = PBXFileReference; lastKnownFileType = sourcecode.c.h; path = AppDelegate.h; sourceTree = "<group>"; };
		35213D2F28B31EF30081C195 /* AppDelegate.m */ = {isa = PBXFileReference; lastKnownFileType = sourcecode.c.objc; path = AppDelegate.m; sourceTree = "<group>"; };
		35213D3428B31EF30081C195 /* ViewController.h */ = {isa = PBXFileReference; lastKnownFileType = sourcecode.c.h; path = ViewController.h; sourceTree = "<group>"; };
		35213D3528B31EF30081C195 /* ViewController.m */ = {isa = PBXFileReference; lastKnownFileType = sourcecode.c.objc; path = ViewController.m; sourceTree = "<group>"; };
		35213D3828B31EF30081C195 /* Base */ = {isa = PBXFileReference; lastKnownFileType = file.storyboard; name = Base; path = Base.lproj/Main.storyboard; sourceTree = "<group>"; };
		35213D3A28B31EF80081C195 /* Assets.xcassets */ = {isa = PBXFileReference; lastKnownFileType = folder.assetcatalog; path = Assets.xcassets; sourceTree = "<group>"; };
		35213D3D28B31EF80081C195 /* Base */ = {isa = PBXFileReference; lastKnownFileType = file.storyboard; name = Base; path = Base.lproj/LaunchScreen.storyboard; sourceTree = "<group>"; };
		35213D3F28B31EF80081C195 /* Info.plist */ = {isa = PBXFileReference; lastKnownFileType = text.plist.xml; path = Info.plist; sourceTree = "<group>"; };
		35213D4028B31EF80081C195 /* main.m */ = {isa = PBXFileReference; lastKnownFileType = sourcecode.c.objc; path = main.m; sourceTree = "<group>"; };
		35213D7828B3229A0081C195 /* MeViewController.h */ = {isa = PBXFileReference; lastKnownFileType = sourcecode.c.h; path = MeViewController.h; sourceTree = "<group>"; };
		35213D7928B3229A0081C195 /* MeViewController.m */ = {isa = PBXFileReference; lastKnownFileType = sourcecode.c.objc; path = MeViewController.m; sourceTree = "<group>"; };
		35213D7B28B322D30081C195 /* NetWorkingData.m */ = {isa = PBXFileReference; fileEncoding = 4; lastKnownFileType = sourcecode.c.objc; path = NetWorkingData.m; sourceTree = "<group>"; };
		35213D7C28B322D30081C195 /* ScreenFrame.m */ = {isa = PBXFileReference; fileEncoding = 4; lastKnownFileType = sourcecode.c.objc; path = ScreenFrame.m; sourceTree = "<group>"; };
		35213D7D28B322D30081C195 /* NetWorkingData.h */ = {isa = PBXFileReference; fileEncoding = 4; lastKnownFileType = sourcecode.c.h; path = NetWorkingData.h; sourceTree = "<group>"; };
		35213D7E28B322D30081C195 /* ScreenFrame.h */ = {isa = PBXFileReference; fileEncoding = 4; lastKnownFileType = sourcecode.c.h; path = ScreenFrame.h; sourceTree = "<group>"; };
		35213D7F28B322D30081C195 /* GetListItem.m */ = {isa = PBXFileReference; fileEncoding = 4; lastKnownFileType = sourcecode.c.objc; path = GetListItem.m; sourceTree = "<group>"; };
		35213D8028B322D30081C195 /* Singleton.m */ = {isa = PBXFileReference; fileEncoding = 4; lastKnownFileType = sourcecode.c.objc; path = Singleton.m; sourceTree = "<group>"; };
		35213D8128B322D30081C195 /* GetListItem.h */ = {isa = PBXFileReference; fileEncoding = 4; lastKnownFileType = sourcecode.c.h; path = GetListItem.h; sourceTree = "<group>"; };
		35213D8228B322D30081C195 /* Singleton.h */ = {isa = PBXFileReference; fileEncoding = 4; lastKnownFileType = sourcecode.c.h; path = Singleton.h; sourceTree = "<group>"; };
		35213D8728B326890081C195 /* RainFallView.m */ = {isa = PBXFileReference; fileEncoding = 4; lastKnownFileType = sourcecode.c.objc; path = RainFallView.m; sourceTree = "<group>"; };
		35213D8828B326890081C195 /* HomeView.h */ = {isa = PBXFileReference; fileEncoding = 4; lastKnownFileType = sourcecode.c.h; path = HomeView.h; sourceTree = "<group>"; };
		35213D8928B326890081C195 /* UvIndexView.m */ = {isa = PBXFileReference; fileEncoding = 4; lastKnownFileType = sourcecode.c.objc; path = UvIndexView.m; sourceTree = "<group>"; };
		35213D8A28B326890081C195 /* FutureSevenDayTableViewCell.h */ = {isa = PBXFileReference; fileEncoding = 4; lastKnownFileType = sourcecode.c.h; path = FutureSevenDayTableViewCell.h; sourceTree = "<group>"; };
		35213D8B28B326890081C195 /* WeatherView.h */ = {isa = PBXFileReference; fileEncoding = 4; lastKnownFileType = sourcecode.c.h; path = WeatherView.h; sourceTree = "<group>"; };
		35213D8C28B326890081C195 /* WindView.m */ = {isa = PBXFileReference; fileEncoding = 4; lastKnownFileType = sourcecode.c.objc; path = WindView.m; sourceTree = "<group>"; };
		35213D8D28B326890081C195 /* UvIndexView.h */ = {isa = PBXFileReference; fileEncoding = 4; lastKnownFileType = sourcecode.c.h; path = UvIndexView.h; sourceTree = "<group>"; };
		35213D8E28B326890081C195 /* VisView.m */ = {isa = PBXFileReference; fileEncoding = 4; lastKnownFileType = sourcecode.c.objc; path = VisView.m; sourceTree = "<group>"; };
		35213D8F28B326890081C195 /* FutureOneDayTableViewCell.h */ = {isa = PBXFileReference; fileEncoding = 4; lastKnownFileType = sourcecode.c.h; path = FutureOneDayTableViewCell.h; sourceTree = "<group>"; };
		35213D9028B326890081C195 /* FutureOneDayTableViewCell.m */ = {isa = PBXFileReference; fileEncoding = 4; lastKnownFileType = sourcecode.c.objc; path = FutureOneDayTableViewCell.m; sourceTree = "<group>"; };
		35213D9128B326890081C195 /* FeelsLikeView.h */ = {isa = PBXFileReference; fileEncoding = 4; lastKnownFileType = sourcecode.c.h; path = FeelsLikeView.h; sourceTree = "<group>"; };
		35213D9228B326890081C195 /* VisView.h */ = {isa = PBXFileReference; fileEncoding = 4; lastKnownFileType = sourcecode.c.h; path = VisView.h; sourceTree = "<group>"; };
		35213D9328B326890081C195 /* RainFallView.h */ = {isa = PBXFileReference; fileEncoding = 4; lastKnownFileType = sourcecode.c.h; path = RainFallView.h; sourceTree = "<group>"; };
		35213D9428B326890081C195 /* FeelsLikeView.m */ = {isa = PBXFileReference; fileEncoding = 4; lastKnownFileType = sourcecode.c.objc; path = FeelsLikeView.m; sourceTree = "<group>"; };
		35213D9528B326890081C195 /* FutureSevenDayTableViewCell.m */ = {isa = PBXFileReference; fileEncoding = 4; lastKnownFileType = sourcecode.c.objc; path = FutureSevenDayTableViewCell.m; sourceTree = "<group>"; };
		35213D9628B3268A0081C195 /* WeatherView.m */ = {isa = PBXFileReference; fileEncoding = 4; lastKnownFileType = sourcecode.c.objc; path = WeatherView.m; sourceTree = "<group>"; };
		35213D9728B3268A0081C195 /* WindView.h */ = {isa = PBXFileReference; fileEncoding = 4; lastKnownFileType = sourcecode.c.h; path = WindView.h; sourceTree = "<group>"; };
		35213D9828B3268A0081C195 /* HomeView.m */ = {isa = PBXFileReference; fileEncoding = 4; lastKnownFileType = sourcecode.c.objc; path = HomeView.m; sourceTree = "<group>"; };
		35213D9928B3268A0081C195 /* AirQualityView.m */ = {isa = PBXFileReference; fileEncoding = 4; lastKnownFileType = sourcecode.c.objc; path = AirQualityView.m; sourceTree = "<group>"; };
		35213D9A28B3268A0081C195 /* AirQualityView.h */ = {isa = PBXFileReference; fileEncoding = 4; lastKnownFileType = sourcecode.c.h; path = AirQualityView.h; sourceTree = "<group>"; };
		35213DA528B326DE0081C195 /* SceneDelegate.m */ = {isa = PBXFileReference; fileEncoding = 4; lastKnownFileType = sourcecode.c.objc; path = SceneDelegate.m; sourceTree = "<group>"; };
		35213DA628B326DE0081C195 /* SceneDelegate.h */ = {isa = PBXFileReference; fileEncoding = 4; lastKnownFileType = sourcecode.c.h; path = SceneDelegate.h; sourceTree = "<group>"; };
		35B89BFF28B94E300021F169 /* WebLinkViewController.h */ = {isa = PBXFileReference; lastKnownFileType = sourcecode.c.h; path = WebLinkViewController.h; sourceTree = "<group>"; };
		35B89C0028B94E300021F169 /* WebLinkViewController.m */ = {isa = PBXFileReference; lastKnownFileType = sourcecode.c.objc; path = WebLinkViewController.m; sourceTree = "<group>"; };
		35F80DD728B9489F00CBA3B3 /* HomeTableViewCell.h */ = {isa = PBXFileReference; fileEncoding = 4; lastKnownFileType = sourcecode.c.h; path = HomeTableViewCell.h; sourceTree = "<group>"; };
		35F80DD828B9489F00CBA3B3 /* CommentTableViewCell.h */ = {isa = PBXFileReference; fileEncoding = 4; lastKnownFileType = sourcecode.c.h; path = CommentTableViewCell.h; sourceTree = "<group>"; };
		35F80DD928B9489F00CBA3B3 /* CommentTableViewCell.m */ = {isa = PBXFileReference; fileEncoding = 4; lastKnownFileType = sourcecode.c.objc; path = CommentTableViewCell.m; sourceTree = "<group>"; };
		35F80DDA28B9489F00CBA3B3 /* CommentCellModel.h */ = {isa = PBXFileReference; fileEncoding = 4; lastKnownFileType = sourcecode.c.h; path = CommentCellModel.h; sourceTree = "<group>"; };
		35F80DDB28B9489F00CBA3B3 /* CommentCellModel.m */ = {isa = PBXFileReference; fileEncoding = 4; lastKnownFileType = sourcecode.c.objc; path = CommentCellModel.m; sourceTree = "<group>"; };
		35F80DDC28B9489F00CBA3B3 /* ListTableViewCell.m */ = {isa = PBXFileReference; fileEncoding = 4; lastKnownFileType = sourcecode.c.objc; path = ListTableViewCell.m; sourceTree = "<group>"; };
		35F80DDD28B9489F00CBA3B3 /* ListTableViewCell.h */ = {isa = PBXFileReference; fileEncoding = 4; lastKnownFileType = sourcecode.c.h; path = ListTableViewCell.h; sourceTree = "<group>"; };
		35F80DDE28B9489F00CBA3B3 /* HomeTableViewCell.m */ = {isa = PBXFileReference; fileEncoding = 4; lastKnownFileType = sourcecode.c.objc; path = HomeTableViewCell.m; sourceTree = "<group>"; };
		35F80DE328B948BF00CBA3B3 /* SelectionViewController.m */ = {isa = PBXFileReference; fileEncoding = 4; lastKnownFileType = sourcecode.c.objc; path = SelectionViewController.m; sourceTree = "<group>"; };
		35F80DE428B948BF00CBA3B3 /* SelectionViewController.h */ = {isa = PBXFileReference; fileEncoding = 4; lastKnownFileType = sourcecode.c.h; path = SelectionViewController.h; sourceTree = "<group>"; };
		35F80DE628B948DD00CBA3B3 /* WeiboViewController.h */ = {isa = PBXFileReference; fileEncoding = 4; lastKnownFileType = sourcecode.c.h; path = WeiboViewController.h; sourceTree = "<group>"; };
		35F80DE728B948DD00CBA3B3 /* WebViewController.m */ = {isa = PBXFileReference; fileEncoding = 4; lastKnownFileType = sourcecode.c.objc; path = WebViewController.m; sourceTree = "<group>"; };
		35F80DE828B948DD00CBA3B3 /* WeiboViewController.m */ = {isa = PBXFileReference; fileEncoding = 4; lastKnownFileType = sourcecode.c.objc; path = WeiboViewController.m; sourceTree = "<group>"; };
		35F80DE928B948DD00CBA3B3 /* WebViewController.h */ = {isa = PBXFileReference; fileEncoding = 4; lastKnownFileType = sourcecode.c.h; path = WebViewController.h; sourceTree = "<group>"; };
		35F80DEC28B948E500CBA3B3 /* PostCommentViewController.h */ = {isa = PBXFileReference; fileEncoding = 4; lastKnownFileType = sourcecode.c.h; path = PostCommentViewController.h; sourceTree = "<group>"; };
		35F80DED28B948E500CBA3B3 /* PostCommentViewController.m */ = {isa = PBXFileReference; fileEncoding = 4; lastKnownFileType = sourcecode.c.objc; path = PostCommentViewController.m; sourceTree = "<group>"; };
		35F80DEF28B9490F00CBA3B3 /* WeiboView.m */ = {isa = PBXFileReference; fileEncoding = 4; lastKnownFileType = sourcecode.c.objc; path = WeiboView.m; sourceTree = "<group>"; };
		35F80DF028B9490F00CBA3B3 /* WeiboNavigationView.m */ = {isa = PBXFileReference; fileEncoding = 4; lastKnownFileType = sourcecode.c.objc; path = WeiboNavigationView.m; sourceTree = "<group>"; };
		35F80DF128B9490F00CBA3B3 /* PostCommentNavigationView.h */ = {isa = PBXFileReference; fileEncoding = 4; lastKnownFileType = sourcecode.c.h; path = PostCommentNavigationView.h; sourceTree = "<group>"; };
		35F80DF228B9490F00CBA3B3 /* WeiboNavigationView.h */ = {isa = PBXFileReference; fileEncoding = 4; lastKnownFileType = sourcecode.c.h; path = WeiboNavigationView.h; sourceTree = "<group>"; };
		35F80DF328B9490F00CBA3B3 /* PostCommentView.h */ = {isa = PBXFileReference; fileEncoding = 4; lastKnownFileType = sourcecode.c.h; path = PostCommentView.h; sourceTree = "<group>"; };
		35F80DF428B9490F00CBA3B3 /* WeiboView.h */ = {isa = PBXFileReference; fileEncoding = 4; lastKnownFileType = sourcecode.c.h; path = WeiboView.h; sourceTree = "<group>"; };
		35F80DF528B9490F00CBA3B3 /* PostCommentNavigationView.m */ = {isa = PBXFileReference; fileEncoding = 4; lastKnownFileType = sourcecode.c.objc; path = PostCommentNavigationView.m; sourceTree = "<group>"; };
		35F80DF628B9491000CBA3B3 /* PostCommentView.m */ = {isa = PBXFileReference; fileEncoding = 4; lastKnownFileType = sourcecode.c.objc; path = PostCommentView.m; sourceTree = "<group>"; };
		35F80DFB28B9492B00CBA3B3 /* SelectionView.h */ = {isa = PBXFileReference; fileEncoding = 4; lastKnownFileType = sourcecode.c.h; path = SelectionView.h; sourceTree = "<group>"; };
		35F80DFC28B9492B00CBA3B3 /* SelectionView.m */ = {isa = PBXFileReference; fileEncoding = 4; lastKnownFileType = sourcecode.c.objc; path = SelectionView.m; sourceTree = "<group>"; };
		35F80DFD28B9492B00CBA3B3 /* SelectionNavigationView.h */ = {isa = PBXFileReference; fileEncoding = 4; lastKnownFileType = sourcecode.c.h; path = SelectionNavigationView.h; sourceTree = "<group>"; };
		35F80DFE28B9492C00CBA3B3 /* SelectionNavigationView.m */ = {isa = PBXFileReference; fileEncoding = 4; lastKnownFileType = sourcecode.c.objc; path = SelectionNavigationView.m; sourceTree = "<group>"; };
		35FBDF6028B7974000A001BA /* HomeViewViewController.h */ = {isa = PBXFileReference; lastKnownFileType = sourcecode.c.h; path = HomeViewViewController.h; sourceTree = "<group>"; };
		35FBDF6128B7974000A001BA /* HomeViewViewController.m */ = {isa = PBXFileReference; lastKnownFileType = sourcecode.c.objc; path = HomeViewViewController.m; sourceTree = "<group>"; };
		35FBDF6628B7B52700A001BA /* SelectCityViewController.h */ = {isa = PBXFileReference; lastKnownFileType = sourcecode.c.h; path = SelectCityViewController.h; sourceTree = "<group>"; };
		35FBDF6728B7B52700A001BA /* SelectCityViewController.m */ = {isa = PBXFileReference; lastKnownFileType = sourcecode.c.objc; path = SelectCityViewController.m; sourceTree = "<group>"; };
		35FBDF6928B7B54500A001BA /* SearchCityDataViewController.h */ = {isa = PBXFileReference; lastKnownFileType = sourcecode.c.h; path = SearchCityDataViewController.h; sourceTree = "<group>"; };
		35FBDF6A28B7B54500A001BA /* SearchCityDataViewController.m */ = {isa = PBXFileReference; lastKnownFileType = sourcecode.c.objc; path = SearchCityDataViewController.m; sourceTree = "<group>"; };
		35FBDF6C28B7D9C600A001BA /* ChildViewController.h */ = {isa = PBXFileReference; lastKnownFileType = sourcecode.c.h; path = ChildViewController.h; sourceTree = "<group>"; };
		35FBDF6D28B7D9C600A001BA /* ChildViewController.m */ = {isa = PBXFileReference; lastKnownFileType = sourcecode.c.objc; path = ChildViewController.m; sourceTree = "<group>"; };
		4D6D4E59EFAABCBA174ACCEF /* libPods-天气.a */ = {isa = PBXFileReference; explicitFileType = archive.ar; includeInIndex = 0; path = "libPods-天气.a"; sourceTree = BUILT_PRODUCTS_DIR; };
		911379D0880F2B61AD558DBA /* Pods-天气.release.xcconfig */ = {isa = PBXFileReference; includeInIndex = 1; lastKnownFileType = text.xcconfig; name = "Pods-天气.release.xcconfig"; path = "Target Support Files/Pods-天气/Pods-天气.release.xcconfig"; sourceTree = "<group>"; };
		9762AD8742CA8DFDB3B19F2A /* Pods-天气.debug.xcconfig */ = {isa = PBXFileReference; includeInIndex = 1; lastKnownFileType = text.xcconfig; name = "Pods-天气.debug.xcconfig"; path = "Target Support Files/Pods-天气/Pods-天气.debug.xcconfig"; sourceTree = "<group>"; };
/* End PBXFileReference section */

/* Begin PBXFrameworksBuildPhase section */
		35213D2828B31EF30081C195 /* Frameworks */ = {
			isa = PBXFrameworksBuildPhase;
			buildActionMask = 2147483647;
			files = (
				574CE3693F473555F98D4C00 /* libPods-天气.a in Frameworks */,
			);
			runOnlyForDeploymentPostprocessing = 0;
		};
/* End PBXFrameworksBuildPhase section */

/* Begin PBXGroup section */
		2ED6BC4E6B28DE45C6A02260 /* Frameworks */ = {
			isa = PBXGroup;
			children = (
				4D6D4E59EFAABCBA174ACCEF /* libPods-天气.a */,
			);
			name = Frameworks;
			sourceTree = "<group>";
		};
		35213D2228B31EF30081C195 = {
			isa = PBXGroup;
			children = (
				35213D2D28B31EF30081C195 /* 天气 */,
				35213D2C28B31EF30081C195 /* Products */,
				A0EAF3C3F74CD1B1D538E119 /* Pods */,
				2ED6BC4E6B28DE45C6A02260 /* Frameworks */,
			);
			sourceTree = "<group>";
		};
		35213D2C28B31EF30081C195 /* Products */ = {
			isa = PBXGroup;
			children = (
				35213D2B28B31EF30081C195 /* 天气.app */,
			);
			name = Products;
			sourceTree = "<group>";
		};
		35213D2D28B31EF30081C195 /* 天气 */ = {
			isa = PBXGroup;
			children = (
				35213D2E28B31EF30081C195 /* AppDelegate.h */,
				35213D2F28B31EF30081C195 /* AppDelegate.m */,
				35213D3428B31EF30081C195 /* ViewController.h */,
				35213D3528B31EF30081C195 /* ViewController.m */,
				35213DA628B326DE0081C195 /* SceneDelegate.h */,
				35213DA528B326DE0081C195 /* SceneDelegate.m */,
				35213D3728B31EF30081C195 /* Main.storyboard */,
				35213D3A28B31EF80081C195 /* Assets.xcassets */,
				35213D3C28B31EF80081C195 /* LaunchScreen.storyboard */,
				35213D3F28B31EF80081C195 /* Info.plist */,
				35213D4028B31EF80081C195 /* main.m */,
				35213D4728B31FED0081C195 /* 天气主页 */,
				35213D4828B31FFB0081C195 /* 生活 */,
				35213D4928B3200F0081C195 /* 我 */,
				35213D7428B3224B0081C195 /* Model */,
			);
			path = "天气";
			sourceTree = "<group>";
		};
		35213D4728B31FED0081C195 /* 天气主页 */ = {
			isa = PBXGroup;
			children = (
				35FBDF5F28B7971300A001BA /* Controller */,
				35213D4B28B320330081C195 /* View */,
			);
			path = "天气主页";
			sourceTree = "<group>";
		};
		35213D4828B31FFB0081C195 /* 生活 */ = {
			isa = PBXGroup;
			children = (
				35F80DD428B9485B00CBA3B3 /* Controller */,
				35F80DD628B9486B00CBA3B3 /* TableViewCell */,
				35F80DD528B9486200CBA3B3 /* View */,
			);
			path = "生活";
			sourceTree = "<group>";
		};
		35213D4928B3200F0081C195 /* 我 */ = {
			isa = PBXGroup;
			children = (
				35213D7828B3229A0081C195 /* MeViewController.h */,
				35213D7928B3229A0081C195 /* MeViewController.m */,
			);
			path = "我";
			sourceTree = "<group>";
		};
		35213D4B28B320330081C195 /* View */ = {
			isa = PBXGroup;
			children = (
				35213DB128B32DA20081C195 /* 主页 */,
				35213DB228B32DAE0081C195 /* 内容子View */,
				35213DB328B32DF50081C195 /* TableViewcell */,
			);
			path = View;
			sourceTree = "<group>";
		};
		35213D7428B3224B0081C195 /* Model */ = {
			isa = PBXGroup;
			children = (
				35213D8128B322D30081C195 /* GetListItem.h */,
				35213D7F28B322D30081C195 /* GetListItem.m */,
				35213D7D28B322D30081C195 /* NetWorkingData.h */,
				35213D7B28B322D30081C195 /* NetWorkingData.m */,
				35213D7E28B322D30081C195 /* ScreenFrame.h */,
				35213D7C28B322D30081C195 /* ScreenFrame.m */,
				35213D8228B322D30081C195 /* Singleton.h */,
				35213D8028B322D30081C195 /* Singleton.m */,
			);
			path = Model;
			sourceTree = "<group>";
		};
		35213DB128B32DA20081C195 /* 主页 */ = {
			isa = PBXGroup;
			children = (
				35213D8828B326890081C195 /* HomeView.h */,
				35213D9828B3268A0081C195 /* HomeView.m */,
				35213D8B28B326890081C195 /* WeatherView.h */,
				35213D9628B3268A0081C195 /* WeatherView.m */,
			);
			path = "主页";
			sourceTree = "<group>";
		};
		35213DB228B32DAE0081C195 /* 内容子View */ = {
			isa = PBXGroup;
			children = (
				35213D9A28B3268A0081C195 /* AirQualityView.h */,
				35213D9928B3268A0081C195 /* AirQualityView.m */,
				35213D9128B326890081C195 /* FeelsLikeView.h */,
				35213D9428B326890081C195 /* FeelsLikeView.m */,
				35213D9328B326890081C195 /* RainFallView.h */,
				35213D8728B326890081C195 /* RainFallView.m */,
				35213D8D28B326890081C195 /* UvIndexView.h */,
				35213D8928B326890081C195 /* UvIndexView.m */,
				35213D9228B326890081C195 /* VisView.h */,
				35213D8E28B326890081C195 /* VisView.m */,
				35213D9728B3268A0081C195 /* WindView.h */,
				35213D8C28B326890081C195 /* WindView.m */,
			);
			path = "内容子View";
			sourceTree = "<group>";
		};
		35213DB328B32DF50081C195 /* TableViewcell */ = {
			isa = PBXGroup;
			children = (
				35213D8F28B326890081C195 /* FutureOneDayTableViewCell.h */,
				35213D9028B326890081C195 /* FutureOneDayTableViewCell.m */,
				35213D8A28B326890081C195 /* FutureSevenDayTableViewCell.h */,
				35213D9528B326890081C195 /* FutureSevenDayTableViewCell.m */,
			);
			path = TableViewcell;
			sourceTree = "<group>";
		};
		35F80DD428B9485B00CBA3B3 /* Controller */ = {
			isa = PBXGroup;
			children = (
				35F80E0728B94C8100CBA3B3 /* 发表评论 */,
				35F80E0628B94C7200CBA3B3 /* 链接 */,
				35F80E0528B94C6900CBA3B3 /* 详细页面 */,
				35F80E0428B94C5D00CBA3B3 /* 主页面 */,
			);
			path = Controller;
			sourceTree = "<group>";
		};
		35F80DD528B9486200CBA3B3 /* View */ = {
			isa = PBXGroup;
			children = (
				35F80E0328B94C2400CBA3B3 /* 发表评论 */,
				35F80E0228B94C0700CBA3B3 /* 详细页面 */,
				35F80E0128B94BEE00CBA3B3 /* 主页面 */,
			);
			path = View;
			sourceTree = "<group>";
		};
		35F80DD628B9486B00CBA3B3 /* TableViewCell */ = {
			isa = PBXGroup;
			children = (
				35F80DDA28B9489F00CBA3B3 /* CommentCellModel.h */,
				35F80DDB28B9489F00CBA3B3 /* CommentCellModel.m */,
				35F80DD828B9489F00CBA3B3 /* CommentTableViewCell.h */,
				35F80DD928B9489F00CBA3B3 /* CommentTableViewCell.m */,
				35F80DD728B9489F00CBA3B3 /* HomeTableViewCell.h */,
				35F80DDE28B9489F00CBA3B3 /* HomeTableViewCell.m */,
				35F80DDD28B9489F00CBA3B3 /* ListTableViewCell.h */,
				35F80DDC28B9489F00CBA3B3 /* ListTableViewCell.m */,
			);
			path = TableViewCell;
			sourceTree = "<group>";
		};
		35F80E0128B94BEE00CBA3B3 /* 主页面 */ = {
			isa = PBXGroup;
			children = (
				35F80DFD28B9492B00CBA3B3 /* SelectionNavigationView.h */,
				35F80DFE28B9492C00CBA3B3 /* SelectionNavigationView.m */,
				35F80DFB28B9492B00CBA3B3 /* SelectionView.h */,
				35F80DFC28B9492B00CBA3B3 /* SelectionView.m */,
			);
			path = "主页面";
			sourceTree = "<group>";
		};
		35F80E0228B94C0700CBA3B3 /* 详细页面 */ = {
			isa = PBXGroup;
			children = (
				35F80DF228B9490F00CBA3B3 /* WeiboNavigationView.h */,
				35F80DF028B9490F00CBA3B3 /* WeiboNavigationView.m */,
				35F80DF428B9490F00CBA3B3 /* WeiboView.h */,
				35F80DEF28B9490F00CBA3B3 /* WeiboView.m */,
			);
			path = "详细页面";
			sourceTree = "<group>";
		};
		35F80E0328B94C2400CBA3B3 /* 发表评论 */ = {
			isa = PBXGroup;
			children = (
				35F80DF128B9490F00CBA3B3 /* PostCommentNavigationView.h */,
				35F80DF528B9490F00CBA3B3 /* PostCommentNavigationView.m */,
				35F80DF328B9490F00CBA3B3 /* PostCommentView.h */,
				35F80DF628B9491000CBA3B3 /* PostCommentView.m */,
			);
			path = "发表评论";
			sourceTree = "<group>";
		};
		35F80E0428B94C5D00CBA3B3 /* 主页面 */ = {
			isa = PBXGroup;
			children = (
				35F80DE428B948BF00CBA3B3 /* SelectionViewController.h */,
				35F80DE328B948BF00CBA3B3 /* SelectionViewController.m */,
			);
			path = "主页面";
			sourceTree = "<group>";
		};
		35F80E0528B94C6900CBA3B3 /* 详细页面 */ = {
			isa = PBXGroup;
			children = (
				35F80DE628B948DD00CBA3B3 /* WeiboViewController.h */,
				35F80DE828B948DD00CBA3B3 /* WeiboViewController.m */,
			);
			path = "详细页面";
			sourceTree = "<group>";
		};
		35F80E0628B94C7200CBA3B3 /* 链接 */ = {
			isa = PBXGroup;
			children = (
				35F80DE928B948DD00CBA3B3 /* WebViewController.h */,
				35F80DE728B948DD00CBA3B3 /* WebViewController.m */,
			);
			path = "链接";
			sourceTree = "<group>";
		};
		35F80E0728B94C8100CBA3B3 /* 发表评论 */ = {
			isa = PBXGroup;
			children = (
				35F80DEC28B948E500CBA3B3 /* PostCommentViewController.h */,
				35F80DED28B948E500CBA3B3 /* PostCommentViewController.m */,
			);
			path = "发表评论";
			sourceTree = "<group>";
		};
		35FBDF5F28B7971300A001BA /* Controller */ = {
			isa = PBXGroup;
			children = (
				35FBDF6028B7974000A001BA /* HomeViewViewController.h */,
				35FBDF6128B7974000A001BA /* HomeViewViewController.m */,
				35FBDF6C28B7D9C600A001BA /* ChildViewController.h */,
				35FBDF6D28B7D9C600A001BA /* ChildViewController.m */,
				35FBDF6628B7B52700A001BA /* SelectCityViewController.h */,
				35FBDF6728B7B52700A001BA /* SelectCityViewController.m */,
				35FBDF6928B7B54500A001BA /* SearchCityDataViewController.h */,
				35FBDF6A28B7B54500A001BA /* SearchCityDataViewController.m */,
				35B89BFF28B94E300021F169 /* WebLinkViewController.h */,
				35B89C0028B94E300021F169 /* WebLinkViewController.m */,
			);
			path = Controller;
			sourceTree = "<group>";
		};
		A0EAF3C3F74CD1B1D538E119 /* Pods */ = {
			isa = PBXGroup;
			children = (
				9762AD8742CA8DFDB3B19F2A /* Pods-天气.debug.xcconfig */,
				911379D0880F2B61AD558DBA /* Pods-天气.release.xcconfig */,
			);
			path = Pods;
			sourceTree = "<group>";
		};
/* End PBXGroup section */

/* Begin PBXNativeTarget section */
		35213D2A28B31EF30081C195 /* 天气 */ = {
			isa = PBXNativeTarget;
			buildConfigurationList = 35213D4428B31EF80081C195 /* Build configuration list for PBXNativeTarget "天气" */;
			buildPhases = (
				A688FD04F28D1298128584FC /* [CP] Check Pods Manifest.lock */,
				35213D2728B31EF30081C195 /* Sources */,
				35213D2828B31EF30081C195 /* Frameworks */,
				35213D2928B31EF30081C195 /* Resources */,
				35E977E5A427BCDDB46D07A5 /* [CP] Copy Pods Resources */,
			);
			buildRules = (
			);
			dependencies = (
			);
			name = "天气";
			productName = "天气";
			productReference = 35213D2B28B31EF30081C195 /* 天气.app */;
			productType = "com.apple.product-type.application";
		};
/* End PBXNativeTarget section */

/* Begin PBXProject section */
		35213D2328B31EF30081C195 /* Project object */ = {
			isa = PBXProject;
			attributes = {
				BuildIndependentTargetsInParallel = 1;
				LastUpgradeCheck = 1340;
				TargetAttributes = {
					35213D2A28B31EF30081C195 = {
						CreatedOnToolsVersion = 13.4.1;
					};
				};
			};
			buildConfigurationList = 35213D2628B31EF30081C195 /* Build configuration list for PBXProject "天气" */;
			compatibilityVersion = "Xcode 13.0";
			developmentRegion = en;
			hasScannedForEncodings = 0;
			knownRegions = (
				en,
				Base,
			);
			mainGroup = 35213D2228B31EF30081C195;
			productRefGroup = 35213D2C28B31EF30081C195 /* Products */;
			projectDirPath = "";
			projectRoot = "";
			targets = (
				35213D2A28B31EF30081C195 /* 天气 */,
			);
		};
/* End PBXProject section */

/* Begin PBXResourcesBuildPhase section */
		35213D2928B31EF30081C195 /* Resources */ = {
			isa = PBXResourcesBuildPhase;
			buildActionMask = 2147483647;
			files = (
				35213D3E28B31EF80081C195 /* LaunchScreen.storyboard in Resources */,
				35213D3B28B31EF80081C195 /* Assets.xcassets in Resources */,
				35213D3928B31EF30081C195 /* Main.storyboard in Resources */,
			);
			runOnlyForDeploymentPostprocessing = 0;
		};
/* End PBXResourcesBuildPhase section */

/* Begin PBXShellScriptBuildPhase section */
		35E977E5A427BCDDB46D07A5 /* [CP] Copy Pods Resources */ = {
			isa = PBXShellScriptBuildPhase;
			buildActionMask = 2147483647;
			files = (
			);
			inputFileListPaths = (
				"${PODS_ROOT}/Target Support Files/Pods-天气/Pods-天气-resources-${CONFIGURATION}-input-files.xcfilelist",
			);
			name = "[CP] Copy Pods Resources";
			outputFileListPaths = (
				"${PODS_ROOT}/Target Support Files/Pods-天气/Pods-天气-resources-${CONFIGURATION}-output-files.xcfilelist",
			);
			runOnlyForDeploymentPostprocessing = 0;
			shellPath = /bin/sh;
			shellScript = "\"${PODS_ROOT}/Target Support Files/Pods-天气/Pods-天气-resources.sh\"\n";
			showEnvVarsInLog = 0;
		};
		A688FD04F28D1298128584FC /* [CP] Check Pods Manifest.lock */ = {
			isa = PBXShellScriptBuildPhase;
			buildActionMask = 2147483647;
			files = (
			);
			inputFileListPaths = (
			);
			inputPaths = (
				"${PODS_PODFILE_DIR_PATH}/Podfile.lock",
				"${PODS_ROOT}/Manifest.lock",
			);
			name = "[CP] Check Pods Manifest.lock";
			outputFileListPaths = (
			);
			outputPaths = (
				"$(DERIVED_FILE_DIR)/Pods-天气-checkManifestLockResult.txt",
			);
			runOnlyForDeploymentPostprocessing = 0;
			shellPath = /bin/sh;
			shellScript = "diff \"${PODS_PODFILE_DIR_PATH}/Podfile.lock\" \"${PODS_ROOT}/Manifest.lock\" > /dev/null\nif [ $? != 0 ] ; then\n    # print error to STDERR\n    echo \"error: The sandbox is not in sync with the Podfile.lock. Run 'pod install' or update your CocoaPods installation.\" >&2\n    exit 1\nfi\n# This output is used by Xcode 'outputs' to avoid re-running this script phase.\necho \"SUCCESS\" > \"${SCRIPT_OUTPUT_FILE_0}\"\n";
			showEnvVarsInLog = 0;
		};
/* End PBXShellScriptBuildPhase section */

/* Begin PBXSourcesBuildPhase section */
		35213D2728B31EF30081C195 /* Sources */ = {
			isa = PBXSourcesBuildPhase;
			buildActionMask = 2147483647;
			files = (
				35213D3628B31EF30081C195 /* ViewController.m in Sources */,
				35F80DF828B9491000CBA3B3 /* WeiboNavigationView.m in Sources */,
				35213D9C28B3268A0081C195 /* UvIndexView.m in Sources */,
				35213D9D28B3268A0081C195 /* WindView.m in Sources */,
				35F80DEA28B948DE00CBA3B3 /* WebViewController.m in Sources */,
				35213D9B28B3268A0081C195 /* RainFallView.m in Sources */,
				35F80DFA28B9491000CBA3B3 /* PostCommentView.m in Sources */,
				35FBDF6828B7B52700A001BA /* SelectCityViewController.m in Sources */,
				35213DA228B3268A0081C195 /* WeatherView.m in Sources */,
				35F80DE028B9489F00CBA3B3 /* CommentCellModel.m in Sources */,
				35213DA028B3268A0081C195 /* FeelsLikeView.m in Sources */,
				35F80DDF28B9489F00CBA3B3 /* CommentTableViewCell.m in Sources */,
				35213D9E28B3268A0081C195 /* VisView.m in Sources */,
				35213D8528B322D30081C195 /* GetListItem.m in Sources */,
				35213D8428B322D30081C195 /* ScreenFrame.m in Sources */,
				35F80DFF28B9492C00CBA3B3 /* SelectionView.m in Sources */,
				35213D3028B31EF30081C195 /* AppDelegate.m in Sources */,
				35F80DE528B948BF00CBA3B3 /* SelectionViewController.m in Sources */,
				35FBDF6E28B7D9C600A001BA /* ChildViewController.m in Sources */,
				35F80DE228B9489F00CBA3B3 /* HomeTableViewCell.m in Sources */,
				35213D4128B31EF80081C195 /* main.m in Sources */,
				35213DA728B326DE0081C195 /* SceneDelegate.m in Sources */,
				35FBDF6228B7974000A001BA /* HomeViewViewController.m in Sources */,
				35213D7A28B3229A0081C195 /* MeViewController.m in Sources */,
				35F80DEB28B948DE00CBA3B3 /* WeiboViewController.m in Sources */,
				35F80E0028B9492C00CBA3B3 /* SelectionNavigationView.m in Sources */,
				35213DA328B3268A0081C195 /* HomeView.m in Sources */,
				35F80DF728B9491000CBA3B3 /* WeiboView.m in Sources */,
				35213DA428B3268A0081C195 /* AirQualityView.m in Sources */,
				35213D8628B322D30081C195 /* Singleton.m in Sources */,
				35FBDF6B28B7B54500A001BA /* SearchCityDataViewController.m in Sources */,
				35F80DF928B9491000CBA3B3 /* PostCommentNavigationView.m in Sources */,
				35213D9F28B3268A0081C195 /* FutureOneDayTableViewCell.m in Sources */,
				35B89C0128B94E300021F169 /* WebLinkViewController.m in Sources */,
				35F80DE128B9489F00CBA3B3 /* ListTableViewCell.m in Sources */,
				35F80DEE28B948E500CBA3B3 /* PostCommentViewController.m in Sources */,
				35213DA128B3268A0081C195 /* FutureSevenDayTableViewCell.m in Sources */,
				35213D8328B322D30081C195 /* NetWorkingData.m in Sources */,
			);
			runOnlyForDeploymentPostprocessing = 0;
		};
/* End PBXSourcesBuildPhase section */

/* Begin PBXVariantGroup section */
		35213D3728B31EF30081C195 /* Main.storyboard */ = {
			isa = PBXVariantGroup;
			children = (
				35213D3828B31EF30081C195 /* Base */,
			);
			name = Main.storyboard;
			sourceTree = "<group>";
		};
		35213D3C28B31EF80081C195 /* LaunchScreen.storyboard */ = {
			isa = PBXVariantGroup;
			children = (
				35213D3D28B31EF80081C195 /* Base */,
			);
			name = LaunchScreen.storyboard;
			sourceTree = "<group>";
		};
/* End PBXVariantGroup section */

/* Begin XCBuildConfiguration section */
		35213D4228B31EF80081C195 /* Debug */ = {
			isa = XCBuildConfiguration;
			buildSettings = {
				ALWAYS_SEARCH_USER_PATHS = NO;
				CLANG_ANALYZER_NONNULL = YES;
				CLANG_ANALYZER_NUMBER_OBJECT_CONVERSION = YES_AGGRESSIVE;
				CLANG_CXX_LANGUAGE_STANDARD = "gnu++17";
				CLANG_ENABLE_MODULES = YES;
				CLANG_ENABLE_OBJC_ARC = YES;
				CLANG_ENABLE_OBJC_WEAK = YES;
				CLANG_WARN_BLOCK_CAPTURE_AUTORELEASING = YES;
				CLANG_WARN_BOOL_CONVERSION = YES;
				CLANG_WARN_COMMA = YES;
				CLANG_WARN_CONSTANT_CONVERSION = YES;
				CLANG_WARN_DEPRECATED_OBJC_IMPLEMENTATIONS = YES;
				CLANG_WARN_DIRECT_OBJC_ISA_USAGE = YES_ERROR;
				CLANG_WARN_DOCUMENTATION_COMMENTS = YES;
				CLANG_WARN_EMPTY_BODY = YES;
				CLANG_WARN_ENUM_CONVERSION = YES;
				CLANG_WARN_INFINITE_RECURSION = YES;
				CLANG_WARN_INT_CONVERSION = YES;
				CLANG_WARN_NON_LITERAL_NULL_CONVERSION = YES;
				CLANG_WARN_OBJC_IMPLICIT_RETAIN_SELF = YES;
				CLANG_WARN_OBJC_LITERAL_CONVERSION = YES;
				CLANG_WARN_OBJC_ROOT_CLASS = YES_ERROR;
				CLANG_WARN_QUOTED_INCLUDE_IN_FRAMEWORK_HEADER = YES;
				CLANG_WARN_RANGE_LOOP_ANALYSIS = YES;
				CLANG_WARN_STRICT_PROTOTYPES = YES;
				CLANG_WARN_SUSPICIOUS_MOVE = YES;
				CLANG_WARN_UNGUARDED_AVAILABILITY = YES_AGGRESSIVE;
				CLANG_WARN_UNREACHABLE_CODE = YES;
				CLANG_WARN__DUPLICATE_METHOD_MATCH = YES;
				COPY_PHASE_STRIP = NO;
				DEBUG_INFORMATION_FORMAT = dwarf;
				ENABLE_STRICT_OBJC_MSGSEND = YES;
				ENABLE_TESTABILITY = YES;
				GCC_C_LANGUAGE_STANDARD = gnu11;
				GCC_DYNAMIC_NO_PIC = NO;
				GCC_NO_COMMON_BLOCKS = YES;
				GCC_OPTIMIZATION_LEVEL = 0;
				GCC_PREPROCESSOR_DEFINITIONS = (
					"DEBUG=1",
					"$(inherited)",
				);
				GCC_WARN_64_TO_32_BIT_CONVERSION = YES;
				GCC_WARN_ABOUT_RETURN_TYPE = YES_ERROR;
				GCC_WARN_UNDECLARED_SELECTOR = YES;
				GCC_WARN_UNINITIALIZED_AUTOS = YES_AGGRESSIVE;
				GCC_WARN_UNUSED_FUNCTION = YES;
				GCC_WARN_UNUSED_VARIABLE = YES;
				IPHONEOS_DEPLOYMENT_TARGET = 15.5;
				MTL_ENABLE_DEBUG_INFO = INCLUDE_SOURCE;
				MTL_FAST_MATH = YES;
				ONLY_ACTIVE_ARCH = YES;
				SDKROOT = iphoneos;
			};
			name = Debug;
		};
		35213D4328B31EF80081C195 /* Release */ = {
			isa = XCBuildConfiguration;
			buildSettings = {
				ALWAYS_SEARCH_USER_PATHS = NO;
				CLANG_ANALYZER_NONNULL = YES;
				CLANG_ANALYZER_NUMBER_OBJECT_CONVERSION = YES_AGGRESSIVE;
				CLANG_CXX_LANGUAGE_STANDARD = "gnu++17";
				CLANG_ENABLE_MODULES = YES;
				CLANG_ENABLE_OBJC_ARC = YES;
				CLANG_ENABLE_OBJC_WEAK = YES;
				CLANG_WARN_BLOCK_CAPTURE_AUTORELEASING = YES;
				CLANG_WARN_BOOL_CONVERSION = YES;
				CLANG_WARN_COMMA = YES;
				CLANG_WARN_CONSTANT_CONVERSION = YES;
				CLANG_WARN_DEPRECATED_OBJC_IMPLEMENTATIONS = YES;
				CLANG_WARN_DIRECT_OBJC_ISA_USAGE = YES_ERROR;
				CLANG_WARN_DOCUMENTATION_COMMENTS = YES;
				CLANG_WARN_EMPTY_BODY = YES;
				CLANG_WARN_ENUM_CONVERSION = YES;
				CLANG_WARN_INFINITE_RECURSION = YES;
				CLANG_WARN_INT_CONVERSION = YES;
				CLANG_WARN_NON_LITERAL_NULL_CONVERSION = YES;
				CLANG_WARN_OBJC_IMPLICIT_RETAIN_SELF = YES;
				CLANG_WARN_OBJC_LITERAL_CONVERSION = YES;
				CLANG_WARN_OBJC_ROOT_CLASS = YES_ERROR;
				CLANG_WARN_QUOTED_INCLUDE_IN_FRAMEWORK_HEADER = YES;
				CLANG_WARN_RANGE_LOOP_ANALYSIS = YES;
				CLANG_WARN_STRICT_PROTOTYPES = YES;
				CLANG_WARN_SUSPICIOUS_MOVE = YES;
				CLANG_WARN_UNGUARDED_AVAILABILITY = YES_AGGRESSIVE;
				CLANG_WARN_UNREACHABLE_CODE = YES;
				CLANG_WARN__DUPLICATE_METHOD_MATCH = YES;
				COPY_PHASE_STRIP = NO;
				DEBUG_INFORMATION_FORMAT = "dwarf-with-dsym";
				ENABLE_NS_ASSERTIONS = NO;
				ENABLE_STRICT_OBJC_MSGSEND = YES;
				GCC_C_LANGUAGE_STANDARD = gnu11;
				GCC_NO_COMMON_BLOCKS = YES;
				GCC_WARN_64_TO_32_BIT_CONVERSION = YES;
				GCC_WARN_ABOUT_RETURN_TYPE = YES_ERROR;
				GCC_WARN_UNDECLARED_SELECTOR = YES;
				GCC_WARN_UNINITIALIZED_AUTOS = YES_AGGRESSIVE;
				GCC_WARN_UNUSED_FUNCTION = YES;
				GCC_WARN_UNUSED_VARIABLE = YES;
				IPHONEOS_DEPLOYMENT_TARGET = 15.5;
				MTL_ENABLE_DEBUG_INFO = NO;
				MTL_FAST_MATH = YES;
				SDKROOT = iphoneos;
				VALIDATE_PRODUCT = YES;
			};
			name = Release;
		};
		35213D4528B31EF80081C195 /* Debug */ = {
			isa = XCBuildConfiguration;
			baseConfigurationReference = 9762AD8742CA8DFDB3B19F2A /* Pods-天气.debug.xcconfig */;
			buildSettings = {
				ASSETCATALOG_COMPILER_APPICON_NAME = AppIcon;
				ASSETCATALOG_COMPILER_GLOBAL_ACCENT_COLOR_NAME = AccentColor;
				CODE_SIGN_STYLE = Automatic;
				CURRENT_PROJECT_VERSION = 1;
				DEVELOPMENT_TEAM = FUYWJ9UF9U;
				EXCLUDED_ARCHS = "";
				GENERATE_INFOPLIST_FILE = YES;
				INFOPLIST_FILE = "天气/Info.plist";
				INFOPLIST_KEY_NSLocationWhenInUseUsageDescription = "需要您的位置信息来获得您所在地的天气数据";
				INFOPLIST_KEY_UIApplicationSupportsIndirectInputEvents = YES;
				INFOPLIST_KEY_UILaunchStoryboardName = LaunchScreen;
				INFOPLIST_KEY_UIMainStoryboardFile = Main;
				INFOPLIST_KEY_UISupportedInterfaceOrientations_iPad = "UIInterfaceOrientationPortrait UIInterfaceOrientationPortraitUpsideDown UIInterfaceOrientationLandscapeLeft UIInterfaceOrientationLandscapeRight";
				INFOPLIST_KEY_UISupportedInterfaceOrientations_iPhone = "UIInterfaceOrientationPortrait UIInterfaceOrientationLandscapeLeft UIInterfaceOrientationLandscapeRight";
				LD_RUNPATH_SEARCH_PATHS = (
					"$(inherited)",
					"@executable_path/Frameworks",
				);
				MARKETING_VERSION = 1.0;
				PRODUCT_BUNDLE_IDENTIFIER = "---weather";
				PRODUCT_NAME = "$(TARGET_NAME)";
				SWIFT_EMIT_LOC_STRINGS = YES;
				TARGETED_DEVICE_FAMILY = "1,2";
			};
			name = Debug;
		};
		35213D4628B31EF80081C195 /* Release */ = {
			isa = XCBuildConfiguration;
			baseConfigurationReference = 911379D0880F2B61AD558DBA /* Pods-天气.release.xcconfig */;
			buildSettings = {
				ASSETCATALOG_COMPILER_APPICON_NAME = AppIcon;
				ASSETCATALOG_COMPILER_GLOBAL_ACCENT_COLOR_NAME = AccentColor;
				CODE_SIGN_STYLE = Automatic;
				CURRENT_PROJECT_VERSION = 1;
				DEVELOPMENT_TEAM = FUYWJ9UF9U;
				EXCLUDED_ARCHS = "";
				GENERATE_INFOPLIST_FILE = YES;
				INFOPLIST_FILE = "天气/Info.plist";
				INFOPLIST_KEY_NSLocationWhenInUseUsageDescription = "需要您的位置信息来获得您所在地的天气数据";
				INFOPLIST_KEY_UIApplicationSupportsIndirectInputEvents = YES;
				INFOPLIST_KEY_UILaunchStoryboardName = LaunchScreen;
				INFOPLIST_KEY_UIMainStoryboardFile = Main;
				INFOPLIST_KEY_UISupportedInterfaceOrientations_iPad = "UIInterfaceOrientationPortrait UIInterfaceOrientationPortraitUpsideDown UIInterfaceOrientationLandscapeLeft UIInterfaceOrientationLandscapeRight";
				INFOPLIST_KEY_UISupportedInterfaceOrientations_iPhone = "UIInterfaceOrientationPortrait UIInterfaceOrientationLandscapeLeft UIInterfaceOrientationLandscapeRight";
				LD_RUNPATH_SEARCH_PATHS = (
					"$(inherited)",
					"@executable_path/Frameworks",
				);
				MARKETING_VERSION = 1.0;
				PRODUCT_BUNDLE_IDENTIFIER = "---weather";
				PRODUCT_NAME = "$(TARGET_NAME)";
				SWIFT_EMIT_LOC_STRINGS = YES;
				TARGETED_DEVICE_FAMILY = "1,2";
			};
			name = Release;
		};
/* End XCBuildConfiguration section */

/* Begin XCConfigurationList section */
		35213D2628B31EF30081C195 /* Build configuration list for PBXProject "天气" */ = {
			isa = XCConfigurationList;
			buildConfigurations = (
				35213D4228B31EF80081C195 /* Debug */,
				35213D4328B31EF80081C195 /* Release */,
			);
			defaultConfigurationIsVisible = 0;
			defaultConfigurationName = Release;
		};
		35213D4428B31EF80081C195 /* Build configuration list for PBXNativeTarget "天气" */ = {
			isa = XCConfigurationList;
			buildConfigurations = (
				35213D4528B31EF80081C195 /* Debug */,
				35213D4628B31EF80081C195 /* Release */,
			);
			defaultConfigurationIsVisible = 0;
			defaultConfigurationName = Release;
		};
/* End XCConfigurationList section */
	};
	rootObject = 35213D2328B31EF30081C195 /* Project object */;
}
